
Microsoft Visual Studio Solution File, Format Version 12.00
# Visual Studio Version 17
VisualStudioVersion = 17.14.36804.6
MinimumVisualStudioVersion = 10.0.40219.1
Project("{2150E333-8FDC-42A3-9474-1A3956D46DE8}") = "Task0", "Task0", "{02EA681E-C7D8-13C7-8484-4AC65E1B71E8}"
EndProject
Project("{FAE04EC0-301F-11D3-BF4B-00C04F79EFBC}") = "Tyuiu.NazarovSV.Sprint6.Task0.V4.Lib", "Tyuiu.NazarovSV.Sprint6.Task0.V4.Lib\Tyuiu.NazarovSV.Sprint6.Task0.V4.Lib.csproj", "{C7C84F1F-542B-46A5-ACD2-90A65278CE06}"
EndProject
Project("{FAE04EC0-301F-11D3-BF4B-00C04F79EFBC}") = "Tyuiu.NazarovSV.Sprint6.Task0.V4.Test", "Tyuiu.NazarovSV.Sprint6.Task0.V4.Test\Tyuiu.NazarovSV.Sprint6.Task0.V4.Test.csproj", "{A6852987-99EA-4275-8F93-0827277C1A38}"
EndProject
Project("{FAE04EC0-301F-11D3-BF4B-00C04F79EFBC}") = "Tyuiu.NazarovSV.Sprint6.Task0.V4", "Tyuiu.NazarovSV.Sprint6.Task0.V4\Tyuiu.NazarovSV.Sprint6.Task0.V4.csproj", "{7934C773-7EC8-40FD-A51D-211F6E6FF911}"
EndProject
Project("{2150E333-8FDC-42A3-9474-1A3956D46DE8}") = "Task1", "Task1", "{15EC4382-C7CE-44A0-8080-D6C4B49C1316}"
EndProject
Project("{FAE04EC0-301F-11D3-BF4B-00C04F79EFBC}") = "Tyuiu.NazarovSV.Sprint6.Task1.V24.Lib", "Tyuiu.NazarovSV.Sprint6.Task1.V24.Lib\Tyuiu.NazarovSV.Sprint6.Task1.V24.Lib.csproj", "{5F5DA33D-3634-4455-BE18-981FED30E575}"
EndProject
Project("{FAE04EC0-301F-11D3-BF4B-00C04F79EFBC}") = "Tyuiu.NazarovSV.Sprint6.Task1.V24.Test", "Tyuiu.NazarovSV.Sprint6.Task1.V24.Test\Tyuiu.NazarovSV.Sprint6.Task1.V24.Test.csproj", "{793875E5-9517-415E-8F3E-667FC4FCA583}"
EndProject
Project("{FAE04EC0-301F-11D3-BF4B-00C04F79EFBC}") = "Tyuiu.NazarovSV.Sprint6.Task1.V24", "Tyuiu.NazarovSV.Sprint6.Task1.V24\Tyuiu.NazarovSV.Sprint6.Task1.V24.csproj", "{ADDDFEA0-7F25-482F-AC37-D9ABDB645BF6}"
EndProject
Project("{2150E333-8FDC-42A3-9474-1A3956D46DE8}") = "Task3", "Task3", "{5260C597-2B8C-4CDE-AB64-2B364A339DEE}"
EndProject
Project("{2150E333-8FDC-42A3-9474-1A3956D46DE8}") = "Task2", "Task2", "{FC804D41-B4F6-47A1-868A-5A97BC98B36F}"
EndProject
Project("{FAE04EC0-301F-11D3-BF4B-00C04F79EFBC}") = "Tyuiu.NazarovSV.Sprint6.Task2.V20.Lib", "Tyuiu.NazarovSV.Sprint6.Task2.V20.Lib\Tyuiu.NazarovSV.Sprint6.Task2.V20.Lib.csproj", "{EF9FE76E-E8CE-47C6-A356-7901B6051F7D}"
EndProject
Project("{FAE04EC0-301F-11D3-BF4B-00C04F79EFBC}") = "Tyuiu.NazarovSV.Sprint6.Task2.V20.Test", "Tyuiu.NazarovSV.Sprint6.Task2.V20.Test\Tyuiu.NazarovSV.Sprint6.Task2.V20.Test.csproj", "{6C82BE94-BFB9-4742-9BF0-A984FCD33279}"
EndProject
Project("{FAE04EC0-301F-11D3-BF4B-00C04F79EFBC}") = "Tyuiu.NazarovSV.Sprint6.Task2.V20", "Tyuiu.NazarovSV.Sprint6.Task2.V20\Tyuiu.NazarovSV.Sprint6.Task2.V20.csproj", "{9F6498FA-BE7E-40EA-8B86-1072236A19D3}"
EndProject
Project("{FAE04EC0-301F-11D3-BF4B-00C04F79EFBC}") = "Tyuiu.NazarovSV.Sprint6.Task3.V3.Lib", "Tyuiu.NazarovSV.Sprint6.Task3.V3.Lib\Tyuiu.NazarovSV.Sprint6.Task3.V3.Lib.csproj", "{D58B5F0F-E2A4-42F8-8083-8B24425520FD}"
EndProject
Project("{FAE04EC0-301F-11D3-BF4B-00C04F79EFBC}") = "Tyuiu.NazarovSV.Sprint6.Task3.V3.Test", "Tyuiu.NazarovSV.Sprint6.Task3.V3.Test\Tyuiu.NazarovSV.Sprint6.Task3.V3.Test.csproj", "{94FE7401-DA12-44DA-A6FA-D3EB063B6F09}"
EndProject
Project("{FAE04EC0-301F-11D3-BF4B-00C04F79EFBC}") = "Tyuiu.NazarovSV.Sprint6.Task3.V3", "Tyuiu.NazarovSV.Sprint6.Task3.V3\Tyuiu.NazarovSV.Sprint6.Task3.V3.csproj", "{B0A41EB5-999B-45AB-BA30-A758B7495EBA}"
EndProject
Project("{2150E333-8FDC-42A3-9474-1A3956D46DE8}") = "Task4", "Task4", "{8D1E94DA-1C8F-4B7A-BB6E-91E2046B1358}"
EndProject
Project("{FAE04EC0-301F-11D3-BF4B-00C04F79EFBC}") = "Tyuiu.NazarovSV.Sprint6.Task4.V20.Lib", "Tyuiu.NazarovSV.Sprint6.Task4.V20.Lib\Tyuiu.NazarovSV.Sprint6.Task4.V20.Lib.csproj", "{48636EF9-EE5D-4F5B-BCB6-63B596393381}"
EndProject
Project("{FAE04EC0-301F-11D3-BF4B-00C04F79EFBC}") = "Tyuiu.NazarovSV.Sprint6.Task4.V20.Test", "Tyuiu.NazarovSV.Sprint6.Task4.V20.Test\Tyuiu.NazarovSV.Sprint6.Task4.V20.Test.csproj", "{A1BD5442-445F-4F25-AFE5-D94692BC0361}"
EndProject
Project("{FAE04EC0-301F-11D3-BF4B-00C04F79EFBC}") = "Tyuiu.NazarovSV.Sprint6.Task4.V20", "Tyuiu.NazarovSV.Sprint6.Task4.V20\Tyuiu.NazarovSV.Sprint6.Task4.V20.csproj", "{F13C4CFB-9538-416E-9738-4FB0D76ED38D}"
EndProject
Project("{2150E333-8FDC-42A3-9474-1A3956D46DE8}") = "Task5", "Task5", "{4966BEFF-5134-447D-9AB0-128788E42E21}"
EndProject
Project("{FAE04EC0-301F-11D3-BF4B-00C04F79EFBC}") = "Tyuiu.NazarovSV.Sprint6.Task5.V16.Lib", "Tyuiu.NazarovSV.Sprint6.Task5.V16.Lib\Tyuiu.NazarovSV.Sprint6.Task5.V16.Lib.csproj", "{7B288941-F6D8-46B3-8C6B-DE0E2BCA16CB}"
EndProject
Project("{FAE04EC0-301F-11D3-BF4B-00C04F79EFBC}") = "Tyuiu.NazarovSV.Sprint6.Task5.V16.Test", "Tyuiu.NazarovSV.Sprint6.Task5.V16.Test\Tyuiu.NazarovSV.Sprint6.Task5.V16.Test.csproj", "{DF44B4D6-05E2-4586-8441-23BBE05401A6}"
EndProject
Project("{FAE04EC0-301F-11D3-BF4B-00C04F79EFBC}") = "Tyuiu.NazarovSV.Sprint6.Task5.V16", "Tyuiu.NazarovSV.Sprint6.Task5.V16\Tyuiu.NazarovSV.Sprint6.Task5.V16.csproj", "{0637157C-0184-427E-822D-B8F6D61EF195}"
EndProject
Project("{2150E333-8FDC-42A3-9474-1A3956D46DE8}") = "Task6", "Task6", "{32B3B5C7-E7D3-4833-BC89-DFE86F694C5F}"
EndProject
Project("{FAE04EC0-301F-11D3-BF4B-00C04F79EFBC}") = "Tyuiu.NazarovSV.Sprint6.Task6.V29.Lib", "Tyuiu.NazarovSV.Sprint6.Task6.V29.Lib\Tyuiu.NazarovSV.Sprint6.Task6.V29.Lib.csproj", "{A8529B80-B4BA-4FF4-80F7-75DA723C3B1E}"
EndProject
Project("{FAE04EC0-301F-11D3-BF4B-00C04F79EFBC}") = "Tyuiu.NazarovSV.Sprint6.Task6.V29.Test", "Tyuiu.NazarovSV.Sprint6.Task6.V29.Test\Tyuiu.NazarovSV.Sprint6.Task6.V29.Test.csproj", "{4B7232F6-19A3-4830-9C93-A4B4A08218D4}"
EndProject
Project("{FAE04EC0-301F-11D3-BF4B-00C04F79EFBC}") = "Tyuiu.NazarovSV.Sprint6.Task6.V29", "Tyuiu.NazarovSV.Sprint6.Task6.V29\Tyuiu.NazarovSV.Sprint6.Task6.V29.csproj", "{6755BB81-C256-4EB2-B631-C728E3132612}"
EndProject
Project("{2150E333-8FDC-42A3-9474-1A3956D46DE8}") = "Task7", "Task7", "{1414BED9-5B41-4A66-8A36-93B2DE9FA546}"
EndProject
Project("{FAE04EC0-301F-11D3-BF4B-00C04F79EFBC}") = "Tyuiu.NazarovSV.Sprint6.Task7.V3.Lib", "Tyuiu.NazarovSV.Sprint6.Task7.V3.Lib\Tyuiu.NazarovSV.Sprint6.Task7.V3.Lib.csproj", "{A1BDE24F-DD2B-405B-9601-1C6BC86821C5}"
EndProject
Project("{FAE04EC0-301F-11D3-BF4B-00C04F79EFBC}") = "Tyuiu.NazarovSV.Sprint6.Task7.V3.Test", "Tyuiu.NazarovSV.Sprint6.Task7.V3.Test\Tyuiu.NazarovSV.Sprint6.Task7.V3.Test.csproj", "{E50C2743-FB50-4AB7-B3DD-8026B377DD3A}"
EndProject
Project("{FAE04EC0-301F-11D3-BF4B-00C04F79EFBC}") = "WindowsFormsApp1", "WindowsFormsApp1\WindowsFormsApp1.csproj", "{330588EB-4909-4672-9AD7-DAC323B697C7}"
EndProject
Project("{FAE04EC0-301F-11D3-BF4B-00C04F79EFBC}") = "Tyuiu.NazarovSV.Sprint6.Task7.V3", "Tyuiu.NazarovSV.Sprint6.Task7.V3\Tyuiu.NazarovSV.Sprint6.Task7.V3.csproj", "{A084DC5C-7C33-4808-8E7D-4AAAF24BB7B0}"
EndProject
Global
	GlobalSection(SolutionConfigurationPlatforms) = preSolution
		Debug|Any CPU = Debug|Any CPU
		Release|Any CPU = Release|Any CPU
	EndGlobalSection
	GlobalSection(ProjectConfigurationPlatforms) = postSolution
		{C7C84F1F-542B-46A5-ACD2-90A65278CE06}.Debug|Any CPU.ActiveCfg = Debug|Any CPU
		{C7C84F1F-542B-46A5-ACD2-90A65278CE06}.Debug|Any CPU.Build.0 = Debug|Any CPU
		{C7C84F1F-542B-46A5-ACD2-90A65278CE06}.Release|Any CPU.ActiveCfg = Release|Any CPU
		{C7C84F1F-542B-46A5-ACD2-90A65278CE06}.Release|Any CPU.Build.0 = Release|Any CPU
		{A6852987-99EA-4275-8F93-0827277C1A38}.Debug|Any CPU.ActiveCfg = Debug|Any CPU
		{A6852987-99EA-4275-8F93-0827277C1A38}.Debug|Any CPU.Build.0 = Debug|Any CPU
		{A6852987-99EA-4275-8F93-0827277C1A38}.Release|Any CPU.ActiveCfg = Release|Any CPU
		{A6852987-99EA-4275-8F93-0827277C1A38}.Release|Any CPU.Build.0 = Release|Any CPU
		{7934C773-7EC8-40FD-A51D-211F6E6FF911}.Debug|Any CPU.ActiveCfg = Debug|Any CPU
		{7934C773-7EC8-40FD-A51D-211F6E6FF911}.Debug|Any CPU.Build.0 = Debug|Any CPU
		{7934C773-7EC8-40FD-A51D-211F6E6FF911}.Release|Any CPU.ActiveCfg = Release|Any CPU
		{7934C773-7EC8-40FD-A51D-211F6E6FF911}.Release|Any CPU.Build.0 = Release|Any CPU
		{5F5DA33D-3634-4455-BE18-981FED30E575}.Debug|Any CPU.ActiveCfg = Debug|Any CPU
		{5F5DA33D-3634-4455-BE18-981FED30E575}.Debug|Any CPU.Build.0 = Debug|Any CPU
		{5F5DA33D-3634-4455-BE18-981FED30E575}.Release|Any CPU.ActiveCfg = Release|Any CPU
		{5F5DA33D-3634-4455-BE18-981FED30E575}.Release|Any CPU.Build.0 = Release|Any CPU
		{793875E5-9517-415E-8F3E-667FC4FCA583}.Debug|Any CPU.ActiveCfg = Debug|Any CPU
		{793875E5-9517-415E-8F3E-667FC4FCA583}.Debug|Any CPU.Build.0 = Debug|Any CPU
		{793875E5-9517-415E-8F3E-667FC4FCA583}.Release|Any CPU.ActiveCfg = Release|Any CPU
		{793875E5-9517-415E-8F3E-667FC4FCA583}.Release|Any CPU.Build.0 = Release|Any CPU
		{ADDDFEA0-7F25-482F-AC37-D9ABDB645BF6}.Debug|Any CPU.ActiveCfg = Debug|Any CPU
		{ADDDFEA0-7F25-482F-AC37-D9ABDB645BF6}.Debug|Any CPU.Build.0 = Debug|Any CPU
		{ADDDFEA0-7F25-482F-AC37-D9ABDB645BF6}.Release|Any CPU.ActiveCfg = Release|Any CPU
		{ADDDFEA0-7F25-482F-AC37-D9ABDB645BF6}.Release|Any CPU.Build.0 = Release|Any CPU
		{EF9FE76E-E8CE-47C6-A356-7901B6051F7D}.Debug|Any CPU.ActiveCfg = Debug|Any CPU
		{EF9FE76E-E8CE-47C6-A356-7901B6051F7D}.Debug|Any CPU.Build.0 = Debug|Any CPU
		{EF9FE76E-E8CE-47C6-A356-7901B6051F7D}.Release|Any CPU.ActiveCfg = Release|Any CPU
		{EF9FE76E-E8CE-47C6-A356-7901B6051F7D}.Release|Any CPU.Build.0 = Release|Any CPU
		{6C82BE94-BFB9-4742-9BF0-A984FCD33279}.Debug|Any CPU.ActiveCfg = Debug|Any CPU
		{6C82BE94-BFB9-4742-9BF0-A984FCD33279}.Debug|Any CPU.Build.0 = Debug|Any CPU
		{6C82BE94-BFB9-4742-9BF0-A984FCD33279}.Release|Any CPU.ActiveCfg = Release|Any CPU
		{6C82BE94-BFB9-4742-9BF0-A984FCD33279}.Release|Any CPU.Build.0 = Release|Any CPU
		{9F6498FA-BE7E-40EA-8B86-1072236A19D3}.Debug|Any CPU.ActiveCfg = Debug|Any CPU
		{9F6498FA-BE7E-40EA-8B86-1072236A19D3}.Debug|Any CPU.Build.0 = Debug|Any CPU
		{9F6498FA-BE7E-40EA-8B86-1072236A19D3}.Release|Any CPU.ActiveCfg = Release|Any CPU
		{9F6498FA-BE7E-40EA-8B86-1072236A19D3}.Release|Any CPU.Build.0 = Release|Any CPU
		{D58B5F0F-E2A4-42F8-8083-8B24425520FD}.Debug|Any CPU.ActiveCfg = Debug|Any CPU
		{D58B5F0F-E2A4-42F8-8083-8B24425520FD}.Debug|Any CPU.Build.0 = Debug|Any CPU
		{D58B5F0F-E2A4-42F8-8083-8B24425520FD}.Release|Any CPU.ActiveCfg = Release|Any CPU
		{D58B5F0F-E2A4-42F8-8083-8B24425520FD}.Release|Any CPU.Build.0 = Release|Any CPU
		{94FE7401-DA12-44DA-A6FA-D3EB063B6F09}.Debug|Any CPU.ActiveCfg = Debug|Any CPU
		{94FE7401-DA12-44DA-A6FA-D3EB063B6F09}.Debug|Any CPU.Build.0 = Debug|Any CPU
		{94FE7401-DA12-44DA-A6FA-D3EB063B6F09}.Release|Any CPU.ActiveCfg = Release|Any CPU
		{94FE7401-DA12-44DA-A6FA-D3EB063B6F09}.Release|Any CPU.Build.0 = Release|Any CPU
		{B0A41EB5-999B-45AB-BA30-A758B7495EBA}.Debug|Any CPU.ActiveCfg = Debug|Any CPU
		{B0A41EB5-999B-45AB-BA30-A758B7495EBA}.Debug|Any CPU.Build.0 = Debug|Any CPU
		{B0A41EB5-999B-45AB-BA30-A758B7495EBA}.Release|Any CPU.ActiveCfg = Release|Any CPU
		{B0A41EB5-999B-45AB-BA30-A758B7495EBA}.Release|Any CPU.Build.0 = Release|Any CPU
		{48636EF9-EE5D-4F5B-BCB6-63B596393381}.Debug|Any CPU.ActiveCfg = Debug|Any CPU
		{48636EF9-EE5D-4F5B-BCB6-63B596393381}.Debug|Any CPU.Build.0 = Debug|Any CPU
		{48636EF9-EE5D-4F5B-BCB6-63B596393381}.Release|Any CPU.ActiveCfg = Release|Any CPU
		{48636EF9-EE5D-4F5B-BCB6-63B596393381}.Release|Any CPU.Build.0 = Release|Any CPU
		{A1BD5442-445F-4F25-AFE5-D94692BC0361}.Debug|Any CPU.ActiveCfg = Debug|Any CPU
		{A1BD5442-445F-4F25-AFE5-D94692BC0361}.Debug|Any CPU.Build.0 = Debug|Any CPU
		{A1BD5442-445F-4F25-AFE5-D94692BC0361}.Release|Any CPU.ActiveCfg = Release|Any CPU
		{A1BD5442-445F-4F25-AFE5-D94692BC0361}.Release|Any CPU.Build.0 = Release|Any CPU
		{F13C4CFB-9538-416E-9738-4FB0D76ED38D}.Debug|Any CPU.ActiveCfg = Debug|Any CPU
		{F13C4CFB-9538-416E-9738-4FB0D76ED38D}.Debug|Any CPU.Build.0 = Debug|Any CPU
		{F13C4CFB-9538-416E-9738-4FB0D76ED38D}.Release|Any CPU.ActiveCfg = Release|Any CPU
		{F13C4CFB-9538-416E-9738-4FB0D76ED38D}.Release|Any CPU.Build.0 = Release|Any CPU
		{7B288941-F6D8-46B3-8C6B-DE0E2BCA16CB}.Debug|Any CPU.ActiveCfg = Debug|Any CPU
		{7B288941-F6D8-46B3-8C6B-DE0E2BCA16CB}.Debug|Any CPU.Build.0 = Debug|Any CPU
		{7B288941-F6D8-46B3-8C6B-DE0E2BCA16CB}.Release|Any CPU.ActiveCfg = Release|Any CPU
		{7B288941-F6D8-46B3-8C6B-DE0E2BCA16CB}.Release|Any CPU.Build.0 = Release|Any CPU
		{DF44B4D6-05E2-4586-8441-23BBE05401A6}.Debug|Any CPU.ActiveCfg = Debug|Any CPU
		{DF44B4D6-05E2-4586-8441-23BBE05401A6}.Debug|Any CPU.Build.0 = Debug|Any CPU
		{DF44B4D6-05E2-4586-8441-23BBE05401A6}.Release|Any CPU.ActiveCfg = Release|Any CPU
		{DF44B4D6-05E2-4586-8441-23BBE05401A6}.Release|Any CPU.Build.0 = Release|Any CPU
		{0637157C-0184-427E-822D-B8F6D61EF195}.Debug|Any CPU.ActiveCfg = Debug|Any CPU
		{0637157C-0184-427E-822D-B8F6D61EF195}.Debug|Any CPU.Build.0 = Debug|Any CPU
		{0637157C-0184-427E-822D-B8F6D61EF195}.Release|Any CPU.ActiveCfg = Release|Any CPU
		{0637157C-0184-427E-822D-B8F6D61EF195}.Release|Any CPU.Build.0 = Release|Any CPU
		{A8529B80-B4BA-4FF4-80F7-75DA723C3B1E}.Debug|Any CPU.ActiveCfg = Debug|Any CPU
		{A8529B80-B4BA-4FF4-80F7-75DA723C3B1E}.Debug|Any CPU.Build.0 = Debug|Any CPU
		{A8529B80-B4BA-4FF4-80F7-75DA723C3B1E}.Release|Any CPU.ActiveCfg = Release|Any CPU
		{A8529B80-B4BA-4FF4-80F7-75DA723C3B1E}.Release|Any CPU.Build.0 = Release|Any CPU
		{4B7232F6-19A3-4830-9C93-A4B4A08218D4}.Debug|Any CPU.ActiveCfg = Debug|Any CPU
		{4B7232F6-19A3-4830-9C93-A4B4A08218D4}.Debug|Any CPU.Build.0 = Debug|Any CPU
		{4B7232F6-19A3-4830-9C93-A4B4A08218D4}.Release|Any CPU.ActiveCfg = Release|Any CPU
		{4B7232F6-19A3-4830-9C93-A4B4A08218D4}.Release|Any CPU.Build.0 = Release|Any CPU
		{6755BB81-C256-4EB2-B631-C728E3132612}.Debug|Any CPU.ActiveCfg = Debug|Any CPU
		{6755BB81-C256-4EB2-B631-C728E3132612}.Debug|Any CPU.Build.0 = Debug|Any CPU
		{6755BB81-C256-4EB2-B631-C728E3132612}.Release|Any CPU.ActiveCfg = Release|Any CPU
		{6755BB81-C256-4EB2-B631-C728E3132612}.Release|Any CPU.Build.0 = Release|Any CPU
		{A1BDE24F-DD2B-405B-9601-1C6BC86821C5}.Debug|Any CPU.ActiveCfg = Debug|Any CPU
		{A1BDE24F-DD2B-405B-9601-1C6BC86821C5}.Debug|Any CPU.Build.0 = Debug|Any CPU
		{A1BDE24F-DD2B-405B-9601-1C6BC86821C5}.Release|Any CPU.ActiveCfg = Release|Any CPU
		{A1BDE24F-DD2B-405B-9601-1C6BC86821C5}.Release|Any CPU.Build.0 = Release|Any CPU
		{E50C2743-FB50-4AB7-B3DD-8026B377DD3A}.Debug|Any CPU.ActiveCfg = Debug|Any CPU
		{E50C2743-FB50-4AB7-B3DD-8026B377DD3A}.Debug|Any CPU.Build.0 = Debug|Any CPU
		{E50C2743-FB50-4AB7-B3DD-8026B377DD3A}.Release|Any CPU.ActiveCfg = Release|Any CPU
		{E50C2743-FB50-4AB7-B3DD-8026B377DD3A}.Release|Any CPU.Build.0 = Release|Any CPU
		{330588EB-4909-4672-9AD7-DAC323B697C7}.Debug|Any CPU.ActiveCfg = Debug|Any CPU
		{330588EB-4909-4672-9AD7-DAC323B697C7}.Debug|Any CPU.Build.0 = Debug|Any CPU
		{330588EB-4909-4672-9AD7-DAC323B697C7}.Release|Any CPU.ActiveCfg = Release|Any CPU
		{330588EB-4909-4672-9AD7-DAC323B697C7}.Release|Any CPU.Build.0 = Release|Any CPU
		{A084DC5C-7C33-4808-8E7D-4AAAF24BB7B0}.Debug|Any CPU.ActiveCfg = Debug|Any CPU
		{A084DC5C-7C33-4808-8E7D-4AAAF24BB7B0}.Debug|Any CPU.Build.0 = Debug|Any CPU
		{A084DC5C-7C33-4808-8E7D-4AAAF24BB7B0}.Release|Any CPU.ActiveCfg = Release|Any CPU
		{A084DC5C-7C33-4808-8E7D-4AAAF24BB7B0}.Release|Any CPU.Build.0 = Release|Any CPU
	EndGlobalSection
	GlobalSection(SolutionProperties) = preSolution
		HideSolutionNode = FALSE
	EndGlobalSection
	GlobalSection(NestedProjects) = preSolution
		{C7C84F1F-542B-46A5-ACD2-90A65278CE06} = {02EA681E-C7D8-13C7-8484-4AC65E1B71E8}
		{A6852987-99EA-4275-8F93-0827277C1A38} = {02EA681E-C7D8-13C7-8484-4AC65E1B71E8}
		{7934C773-7EC8-40FD-A51D-211F6E6FF911} = {02EA681E-C7D8-13C7-8484-4AC65E1B71E8}
		{5F5DA33D-3634-4455-BE18-981FED30E575} = {15EC4382-C7CE-44A0-8080-D6C4B49C1316}
		{793875E5-9517-415E-8F3E-667FC4FCA583} = {15EC4382-C7CE-44A0-8080-D6C4B49C1316}
		{ADDDFEA0-7F25-482F-AC37-D9ABDB645BF6} = {15EC4382-C7CE-44A0-8080-D6C4B49C1316}
		{EF9FE76E-E8CE-47C6-A356-7901B6051F7D} = {FC804D41-B4F6-47A1-868A-5A97BC98B36F}
		{6C82BE94-BFB9-4742-9BF0-A984FCD33279} = {FC804D41-B4F6-47A1-868A-5A97BC98B36F}
		{9F6498FA-BE7E-40EA-8B86-1072236A19D3} = {FC804D41-B4F6-47A1-868A-5A97BC98B36F}
		{D58B5F0F-E2A4-42F8-8083-8B24425520FD} = {5260C597-2B8C-4CDE-AB64-2B364A339DEE}
		{94FE7401-DA12-44DA-A6FA-D3EB063B6F09} = {5260C597-2B8C-4CDE-AB64-2B364A339DEE}
		{B0A41EB5-999B-45AB-BA30-A758B7495EBA} = {5260C597-2B8C-4CDE-AB64-2B364A339DEE}
		{48636EF9-EE5D-4F5B-BCB6-63B596393381} = {8D1E94DA-1C8F-4B7A-BB6E-91E2046B1358}
		{A1BD5442-445F-4F25-AFE5-D94692BC0361} = {8D1E94DA-1C8F-4B7A-BB6E-91E2046B1358}
		{F13C4CFB-9538-416E-9738-4FB0D76ED38D} = {8D1E94DA-1C8F-4B7A-BB6E-91E2046B1358}
		{7B288941-F6D8-46B3-8C6B-DE0E2BCA16CB} = {4966BEFF-5134-447D-9AB0-128788E42E21}
		{DF44B4D6-05E2-4586-8441-23BBE05401A6} = {4966BEFF-5134-447D-9AB0-128788E42E21}
		{0637157C-0184-427E-822D-B8F6D61EF195} = {4966BEFF-5134-447D-9AB0-128788E42E21}
		{A8529B80-B4BA-4FF4-80F7-75DA723C3B1E} = {32B3B5C7-E7D3-4833-BC89-DFE86F694C5F}
		{4B7232F6-19A3-4830-9C93-A4B4A08218D4} = {32B3B5C7-E7D3-4833-BC89-DFE86F694C5F}
		{6755BB81-C256-4EB2-B631-C728E3132612} = {32B3B5C7-E7D3-4833-BC89-DFE86F694C5F}
		{A1BDE24F-DD2B-405B-9601-1C6BC86821C5} = {1414BED9-5B41-4A66-8A36-93B2DE9FA546}
		{E50C2743-FB50-4AB7-B3DD-8026B377DD3A} = {1414BED9-5B41-4A66-8A36-93B2DE9FA546}
		{330588EB-4909-4672-9AD7-DAC323B697C7} = {02EA681E-C7D8-13C7-8484-4AC65E1B71E8}
		{A084DC5C-7C33-4808-8E7D-4AAAF24BB7B0} = {1414BED9-5B41-4A66-8A36-93B2DE9FA546}
	EndGlobalSection
	GlobalSection(ExtensibilityGlobals) = postSolution
		SolutionGuid = {B3EC5260-C3DC-498C-9989-8012CADE8F39}
	EndGlobalSection
EndGlobal
