
Microsoft Visual Studio Solution File, Format Version 12.00
# Visual Studio Version 17
VisualStudioVersion = 17.14.36804.6
MinimumVisualStudioVersion = 10.0.40219.1
Project("{2150E333-8FDC-42A3-9474-1A3956D46DE8}") = "Task0", "Task0", "{02EA681E-C7D8-13C7-8484-4AC65E1B71E8}"
EndProject
Project("{FAE04EC0-301F-11D3-BF4B-00C04F79EFBC}") = "Tyuiu.NazarovSV.Sprint6.Task0.V4.Lib", "Tyuiu.NazarovSV.Sprint6.Task0.V4.Lib\Tyuiu.NazarovSV.Sprint6.Task0.V4.Lib.csproj", "{C7C84F1F-542B-46A5-ACD2-90A65278CE06}"
EndProject
Project("{FAE04EC0-301F-11D3-BF4B-00C04F79EFBC}") = "Tyuiu.NazarovSV.Sprint6.Task0.V4.Test", "Tyuiu.NazarovSV.Sprint6.Task0.V4.Test\Tyuiu.NazarovSV.Sprint6.Task0.V4.Test.csproj", "{A6852987-99EA-4275-8F93-0827277C1A38}"
EndProject
Project("{FAE04EC0-301F-11D3-BF4B-00C04F79EFBC}") = "Tyuiu.NazarovSV.Sprint6.Task0.V4", "Tyuiu.NazarovSV.Sprint6.Task0.V4\Tyuiu.NazarovSV.Sprint6.Task0.V4.csproj", "{7934C773-7EC8-40FD-A51D-211F6E6FF911}"
EndProject
Project("{2150E333-8FDC-42A3-9474-1A3956D46DE8}") = "Task1", "Task1", "{15EC4382-C7CE-44A0-8080-D6C4B49C1316}"
EndProject
Project("{FAE04EC0-301F-11D3-BF4B-00C04F79EFBC}") = "Tyuiu.NazarovSV.Sprint6.Task1.V24.Lib", "Tyuiu.NazarovSV.Sprint6.Task1.V24.Lib\Tyuiu.NazarovSV.Sprint6.Task1.V24.Lib.csproj", "{5F5DA33D-3634-4455-BE18-981FED30E575}"
EndProject
Project("{FAE04EC0-301F-11D3-BF4B-00C04F79EFBC}") = "Tyuiu.NazarovSV.Sprint6.Task1.V24.Test", "Tyuiu.NazarovSV.Sprint6.Task1.V24.Test\Tyuiu.NazarovSV.Sprint6.Task1.V24.Test.csproj", "{793875E5-9517-415E-8F3E-667FC4FCA583}"
EndProject
Project("{FAE04EC0-301F-11D3-BF4B-00C04F79EFBC}") = "Tyuiu.NazarovSV.Sprint6.Task1.V24", "Tyuiu.NazarovSV.Sprint6.Task1.V24\Tyuiu.NazarovSV.Sprint6.Task1.V24.csproj", "{ADDDFEA0-7F25-482F-AC37-D9ABDB645BF6}"
EndProject
Project("{2150E333-8FDC-42A3-9474-1A3956D46DE8}") = "Task3", "Task3", "{5260C597-2B8C-4CDE-AB64-2B364A339DEE}"
EndProject
Project("{2150E333-8FDC-42A3-9474-1A3956D46DE8}") = "Task2", "Task2", "{FC804D41-B4F6-47A1-868A-5A97BC98B36F}"
EndProject
Project("{FAE04EC0-301F-11D3-BF4B-00C04F79EFBC}") = "Tyuiu.NazarovSV.Sprint6.Task2.V20.Lib", "Tyuiu.NazarovSV.Sprint6.Task2.V20.Lib\Tyuiu.NazarovSV.Sprint6.Task2.V20.Lib.csproj", "{EF9FE76E-E8CE-47C6-A356-7901B6051F7D}"
EndProject
Project("{FAE04EC0-301F-11D3-BF4B-00C04F79EFBC}") = "Tyuiu.NazarovSV.Sprint6.Task2.V20.Test", "Tyuiu.NazarovSV.Sprint6.Task2.V20.Test\Tyuiu.NazarovSV.Sprint6.Task2.V20.Test.csproj", "{6C82BE94-BFB9-4742-9BF0-A984FCD33279}"
EndProject
Project("{FAE04EC0-301F-11D3-BF4B-00C04F79EFBC}") = "Tyuiu.NazarovSV.Sprint6.Task2.V20", "Tyuiu.NazarovSV.Sprint6.Task2.V20\Tyuiu.NazarovSV.Sprint6.Task2.V20.csproj", "{9F6498FA-BE7E-40EA-8B86-1072236A19D3}"
EndProject
Global
	GlobalSection(SolutionConfigurationPlatforms) = preSolution
		Debug|Any CPU = Debug|Any CPU
		Release|Any CPU = Release|Any CPU
	EndGlobalSection
	GlobalSection(ProjectConfigurationPlatforms) = postSolution
		{C7C84F1F-542B-46A5-ACD2-90A65278CE06}.Debug|Any CPU.ActiveCfg = Debug|Any CPU
		{C7C84F1F-542B-46A5-ACD2-90A65278CE06}.Debug|Any CPU.Build.0 = Debug|Any CPU
		{C7C84F1F-542B-46A5-ACD2-90A65278CE06}.Release|Any CPU.ActiveCfg = Release|Any CPU
		{C7C84F1F-542B-46A5-ACD2-90A65278CE06}.Release|Any CPU.Build.0 = Release|Any CPU
		{A6852987-99EA-4275-8F93-0827277C1A38}.Debug|Any CPU.ActiveCfg = Debug|Any CPU
		{A6852987-99EA-4275-8F93-0827277C1A38}.Debug|Any CPU.Build.0 = Debug|Any CPU
		{A6852987-99EA-4275-8F93-0827277C1A38}.Release|Any CPU.ActiveCfg = Release|Any CPU
		{A6852987-99EA-4275-8F93-0827277C1A38}.Release|Any CPU.Build.0 = Release|Any CPU
		{7934C773-7EC8-40FD-A51D-211F6E6FF911}.Debug|Any CPU.ActiveCfg = Debug|Any CPU
		{7934C773-7EC8-40FD-A51D-211F6E6FF911}.Debug|Any CPU.Build.0 = Debug|Any CPU
		{7934C773-7EC8-40FD-A51D-211F6E6FF911}.Release|Any CPU.ActiveCfg = Release|Any CPU
		{7934C773-7EC8-40FD-A51D-211F6E6FF911}.Release|Any CPU.Build.0 = Release|Any CPU
		{5F5DA33D-3634-4455-BE18-981FED30E575}.Debug|Any CPU.ActiveCfg = Debug|Any CPU
		{5F5DA33D-3634-4455-BE18-981FED30E575}.Debug|Any CPU.Build.0 = Debug|Any CPU
		{5F5DA33D-3634-4455-BE18-981FED30E575}.Release|Any CPU.ActiveCfg = Release|Any CPU
		{5F5DA33D-3634-4455-BE18-981FED30E575}.Release|Any CPU.Build.0 = Release|Any CPU
		{793875E5-9517-415E-8F3E-667FC4FCA583}.Debug|Any CPU.ActiveCfg = Debug|Any CPU
		{793875E5-9517-415E-8F3E-667FC4FCA583}.Debug|Any CPU.Build.0 = Debug|Any CPU
		{793875E5-9517-415E-8F3E-667FC4FCA583}.Release|Any CPU.ActiveCfg = Release|Any CPU
		{793875E5-9517-415E-8F3E-667FC4FCA583}.Release|Any CPU.Build.0 = Release|Any CPU
		{ADDDFEA0-7F25-482F-AC37-D9ABDB645BF6}.Debug|Any CPU.ActiveCfg = Debug|Any CPU
		{ADDDFEA0-7F25-482F-AC37-D9ABDB645BF6}.Debug|Any CPU.Build.0 = Debug|Any CPU
		{ADDDFEA0-7F25-482F-AC37-D9ABDB645BF6}.Release|Any CPU.ActiveCfg = Release|Any CPU
		{ADDDFEA0-7F25-482F-AC37-D9ABDB645BF6}.Release|Any CPU.Build.0 = Release|Any CPU
		{EF9FE76E-E8CE-47C6-A356-7901B6051F7D}.Debug|Any CPU.ActiveCfg = Debug|Any CPU
		{EF9FE76E-E8CE-47C6-A356-7901B6051F7D}.Debug|Any CPU.Build.0 = Debug|Any CPU
		{EF9FE76E-E8CE-47C6-A356-7901B6051F7D}.Release|Any CPU.ActiveCfg = Release|Any CPU
		{EF9FE76E-E8CE-47C6-A356-7901B6051F7D}.Release|Any CPU.Build.0 = Release|Any CPU
		{6C82BE94-BFB9-4742-9BF0-A984FCD33279}.Debug|Any CPU.ActiveCfg = Debug|Any CPU
		{6C82BE94-BFB9-4742-9BF0-A984FCD33279}.Debug|Any CPU.Build.0 = Debug|Any CPU
		{6C82BE94-BFB9-4742-9BF0-A984FCD33279}.Release|Any CPU.ActiveCfg = Release|Any CPU
		{6C82BE94-BFB9-4742-9BF0-A984FCD33279}.Release|Any CPU.Build.0 = Release|Any CPU
		{9F6498FA-BE7E-40EA-8B86-1072236A19D3}.Debug|Any CPU.ActiveCfg = Debug|Any CPU
		{9F6498FA-BE7E-40EA-8B86-1072236A19D3}.Debug|Any CPU.Build.0 = Debug|Any CPU
		{9F6498FA-BE7E-40EA-8B86-1072236A19D3}.Release|Any CPU.ActiveCfg = Release|Any CPU
		{9F6498FA-BE7E-40EA-8B86-1072236A19D3}.Release|Any CPU.Build.0 = Release|Any CPU
	EndGlobalSection
	GlobalSection(SolutionProperties) = preSolution
		HideSolutionNode = FALSE
	EndGlobalSection
	GlobalSection(NestedProjects) = preSolution
		{C7C84F1F-542B-46A5-ACD2-90A65278CE06} = {02EA681E-C7D8-13C7-8484-4AC65E1B71E8}
		{A6852987-99EA-4275-8F93-0827277C1A38} = {02EA681E-C7D8-13C7-8484-4AC65E1B71E8}
		{7934C773-7EC8-40FD-A51D-211F6E6FF911} = {02EA681E-C7D8-13C7-8484-4AC65E1B71E8}
		{5F5DA33D-3634-4455-BE18-981FED30E575} = {15EC4382-C7CE-44A0-8080-D6C4B49C1316}
		{793875E5-9517-415E-8F3E-667FC4FCA583} = {15EC4382-C7CE-44A0-8080-D6C4B49C1316}
		{ADDDFEA0-7F25-482F-AC37-D9ABDB645BF6} = {15EC4382-C7CE-44A0-8080-D6C4B49C1316}
		{EF9FE76E-E8CE-47C6-A356-7901B6051F7D} = {FC804D41-B4F6-47A1-868A-5A97BC98B36F}
		{6C82BE94-BFB9-4742-9BF0-A984FCD33279} = {FC804D41-B4F6-47A1-868A-5A97BC98B36F}
		{9F6498FA-BE7E-40EA-8B86-1072236A19D3} = {FC804D41-B4F6-47A1-868A-5A97BC98B36F}
	EndGlobalSection
	GlobalSection(ExtensibilityGlobals) = postSolution
		SolutionGuid = {B3EC5260-C3DC-498C-9989-8012CADE8F39}
	EndGlobalSection
EndGlobal
